{
  "pins" : [
    {
      "identity" : "alamofire",
      "kind" : "remoteSourceControl",
      "location" : "https://github.com/Alamofire/Alamofire.git",
      "state" : {
        "revision" : "f455c2975872ccd2d9c81594c658af65716e9b9a",
        "version" : "5.9.1"
      }
    },
    {
      "identity" : "objectmapper",
      "kind" : "remoteSourceControl",
      "location" : "https://github.com/tristanhimmelman/ObjectMapper.git",
      "state" : {
        "revision" : "6021c6035e83a306047348666f6400dc61445d3b",
        "version" : "4.4.3"
      }
    },
    {
      "identity" : "realm-core",
      "kind" : "remoteSourceControl",
      "location" : "https://github.com/realm/realm-core.git",
      "state" : {
        "revision" : "f889f79a2301208fd9d322d07abfc883b8f2046c",
        "version" : "14.10.2"
      }
    },
    {
      "identity" : "realm-swift",
      "kind" : "remoteSourceControl",
      "location" : "https://github.com/realm/realm-swift.git",
      "state" : {
        "revision" : "ae827eabf45ba64562c75b6e99038da6ce12d427",
        "version" : "10.52.1"
      }
    },
    {
      "identity" : "rxrealm",
      "kind" : "remoteSourceControl",
      "location" : "https://github.com/Mioke/RxRealm.git",
      "state" : {
        "branch" : "main",
        "revision" : "f930c360fef32372bc839c6939d4e0ee8f8276ac"
      }
    },
    {
      "identity" : "rxswift",
      "kind" : "remoteSourceControl",
      "location" : "https://github.com/ReactiveX/RxSwift.git",
      "state" : {
        "revision" : "b06a8c8596e4c3e8e7788e08e720e3248563ce6a",
        "version" : "6.7.1"
      }
    },
    {
      "identity" : "swift-concurrency-support",
      "kind" : "remoteSourceControl",
      "location" : "https://github.com/Mioke/swift-concurrency-support.git",
      "state" : {
        "branch" : "master",
        "revision" : "854af6e499ea27e0c0ff2fe618e37e9b1e95dd18"
      }
    },
    {
      "identity" : "swift-syntax",
      "kind" : "remoteSourceControl",
      "location" : "https://github.com/apple/swift-syntax.git",
      "state" : {
        "revision" : "64889f0c732f210a935a0ad7cda38f77f876262d",
        "version" : "509.1.1"
      }
    },
    {
      "identity" : "swiftyarchitecturemacros",
      "kind" : "remoteSourceControl",
      "location" : "https://github.com/Mioke/SwiftyArchitectureMacros.git",
      "state" : {
        "branch" : "master",
        "revision" : "90649d6f7fd74632dc2aaf5fb9c9cfa2b917cab0"
      }
    }
  ],
  "version" : 2
}
